
Microsoft Visual Studio Solution File, Format Version 12.00
# Visual Studio Version 17
VisualStudioVersion = 17.5.2.0
MinimumVisualStudioVersion = 10.0.40219.1
Project("{FAE04EC0-301F-11D3-BF4B-00C04F79EFBC}") = "ConsertaPraMim.API", "ConsertaPraMim.API\ConsertaPraMim.API.csproj", "{D9BC3411-92E4-FCE0-360F-93213D835105}"
EndProject
Project("{FAE04EC0-301F-11D3-BF4B-00C04F79EFBC}") = "ConsertaPraMim.Application", "ConsertaPraMim.Application\ConsertaPraMim.Application.csproj", "{87B2996E-C006-7CD9-A213-F48CB3330A7E}"
EndProject
Project("{FAE04EC0-301F-11D3-BF4B-00C04F79EFBC}") = "ConsertaPraMim.DatabaseSeeder", "ConsertaPraMim.DatabaseSeeder\ConsertaPraMim.DatabaseSeeder.csproj", "{5A5CC7FE-9872-7175-23F9-94478A9AB3DE}"
EndProject
Project("{FAE04EC0-301F-11D3-BF4B-00C04F79EFBC}") = "ConsertaPraMim.Domain", "ConsertaPraMim.Domain\ConsertaPraMim.Domain.csproj", "{D8211202-487A-3A8E-E664-274C2F537536}"
EndProject
Project("{FAE04EC0-301F-11D3-BF4B-00C04F79EFBC}") = "ConsertaPraMim.Infrastructure", "ConsertaPraMim.Infrastructure\ConsertaPraMim.Infrastructure.csproj", "{D8437284-26FD-B2C9-BF22-34D072BD1F97}"
EndProject
Project("{FAE04EC0-301F-11D3-BF4B-00C04F79EFBC}") = "ConsertaPraMim.Web.Client", "ConsertaPraMim.Web.Client\ConsertaPraMim.Web.Client.csproj", "{C2DD8C73-CD70-FA94-9354-274B75ED3A3E}"
EndProject
Project("{FAE04EC0-301F-11D3-BF4B-00C04F79EFBC}") = "ConsertaPraMim.Web.Provider", "ConsertaPraMim.Web.Provider\ConsertaPraMim.Web.Provider.csproj", "{C2A2D046-CB94-2C6F-DE97-73DAFFF68ADD}"
EndProject
Project("{FAE04EC0-301F-11D3-BF4B-00C04F79EFBC}") = "ConsertaPraMim.Web.Admin", "ConsertaPraMim.Web.Admin\ConsertaPraMim.Web.Admin.csproj", "{F7B0D409-7B7C-45A8-B688-35748E811686}"
EndProject
Global
	GlobalSection(SolutionConfigurationPlatforms) = preSolution
		Debug|Any CPU = Debug|Any CPU
		Debug|x64 = Debug|x64
		Debug|x86 = Debug|x86
		Release|Any CPU = Release|Any CPU
		Release|x64 = Release|x64
		Release|x86 = Release|x86
	EndGlobalSection
	GlobalSection(ProjectConfigurationPlatforms) = postSolution
		{D9BC3411-92E4-FCE0-360F-93213D835105}.Debug|Any CPU.ActiveCfg = Debug|Any CPU
		{D9BC3411-92E4-FCE0-360F-93213D835105}.Debug|Any CPU.Build.0 = Debug|Any CPU
		{D9BC3411-92E4-FCE0-360F-93213D835105}.Debug|x64.ActiveCfg = Debug|Any CPU
		{D9BC3411-92E4-FCE0-360F-93213D835105}.Debug|x64.Build.0 = Debug|Any CPU
		{D9BC3411-92E4-FCE0-360F-93213D835105}.Debug|x86.ActiveCfg = Debug|Any CPU
		{D9BC3411-92E4-FCE0-360F-93213D835105}.Debug|x86.Build.0 = Debug|Any CPU
		{D9BC3411-92E4-FCE0-360F-93213D835105}.Release|Any CPU.ActiveCfg = Release|Any CPU
		{D9BC3411-92E4-FCE0-360F-93213D835105}.Release|Any CPU.Build.0 = Release|Any CPU
		{D9BC3411-92E4-FCE0-360F-93213D835105}.Release|x64.ActiveCfg = Release|Any CPU
		{D9BC3411-92E4-FCE0-360F-93213D835105}.Release|x64.Build.0 = Release|Any CPU
		{D9BC3411-92E4-FCE0-360F-93213D835105}.Release|x86.ActiveCfg = Release|Any CPU
		{D9BC3411-92E4-FCE0-360F-93213D835105}.Release|x86.Build.0 = Release|Any CPU
		{87B2996E-C006-7CD9-A213-F48CB3330A7E}.Debug|Any CPU.ActiveCfg = Debug|Any CPU
		{87B2996E-C006-7CD9-A213-F48CB3330A7E}.Debug|Any CPU.Build.0 = Debug|Any CPU
		{87B2996E-C006-7CD9-A213-F48CB3330A7E}.Debug|x64.ActiveCfg = Debug|Any CPU
		{87B2996E-C006-7CD9-A213-F48CB3330A7E}.Debug|x64.Build.0 = Debug|Any CPU
		{87B2996E-C006-7CD9-A213-F48CB3330A7E}.Debug|x86.ActiveCfg = Debug|Any CPU
		{87B2996E-C006-7CD9-A213-F48CB3330A7E}.Debug|x86.Build.0 = Debug|Any CPU
		{87B2996E-C006-7CD9-A213-F48CB3330A7E}.Release|Any CPU.ActiveCfg = Release|Any CPU
		{87B2996E-C006-7CD9-A213-F48CB3330A7E}.Release|Any CPU.Build.0 = Release|Any CPU
		{87B2996E-C006-7CD9-A213-F48CB3330A7E}.Release|x64.ActiveCfg = Release|Any CPU
		{87B2996E-C006-7CD9-A213-F48CB3330A7E}.Release|x64.Build.0 = Release|Any CPU
		{87B2996E-C006-7CD9-A213-F48CB3330A7E}.Release|x86.ActiveCfg = Release|Any CPU
		{87B2996E-C006-7CD9-A213-F48CB3330A7E}.Release|x86.Build.0 = Release|Any CPU
		{5A5CC7FE-9872-7175-23F9-94478A9AB3DE}.Debug|Any CPU.ActiveCfg = Debug|Any CPU
		{5A5CC7FE-9872-7175-23F9-94478A9AB3DE}.Debug|Any CPU.Build.0 = Debug|Any CPU
		{5A5CC7FE-9872-7175-23F9-94478A9AB3DE}.Debug|x64.ActiveCfg = Debug|Any CPU
		{5A5CC7FE-9872-7175-23F9-94478A9AB3DE}.Debug|x64.Build.0 = Debug|Any CPU
		{5A5CC7FE-9872-7175-23F9-94478A9AB3DE}.Debug|x86.ActiveCfg = Debug|Any CPU
		{5A5CC7FE-9872-7175-23F9-94478A9AB3DE}.Debug|x86.Build.0 = Debug|Any CPU
		{5A5CC7FE-9872-7175-23F9-94478A9AB3DE}.Release|Any CPU.ActiveCfg = Release|Any CPU
		{5A5CC7FE-9872-7175-23F9-94478A9AB3DE}.Release|Any CPU.Build.0 = Release|Any CPU
		{5A5CC7FE-9872-7175-23F9-94478A9AB3DE}.Release|x64.ActiveCfg = Release|Any CPU
		{5A5CC7FE-9872-7175-23F9-94478A9AB3DE}.Release|x64.Build.0 = Release|Any CPU
		{5A5CC7FE-9872-7175-23F9-94478A9AB3DE}.Release|x86.ActiveCfg = Release|Any CPU
		{5A5CC7FE-9872-7175-23F9-94478A9AB3DE}.Release|x86.Build.0 = Release|Any CPU
		{D8211202-487A-3A8E-E664-274C2F537536}.Debug|Any CPU.ActiveCfg = Debug|Any CPU
		{D8211202-487A-3A8E-E664-274C2F537536}.Debug|Any CPU.Build.0 = Debug|Any CPU
		{D8211202-487A-3A8E-E664-274C2F537536}.Debug|x64.ActiveCfg = Debug|Any CPU
		{D8211202-487A-3A8E-E664-274C2F537536}.Debug|x64.Build.0 = Debug|Any CPU
		{D8211202-487A-3A8E-E664-274C2F537536}.Debug|x86.ActiveCfg = Debug|Any CPU
		{D8211202-487A-3A8E-E664-274C2F537536}.Debug|x86.Build.0 = Debug|Any CPU
		{D8211202-487A-3A8E-E664-274C2F537536}.Release|Any CPU.ActiveCfg = Release|Any CPU
		{D8211202-487A-3A8E-E664-274C2F537536}.Release|Any CPU.Build.0 = Release|Any CPU
		{D8211202-487A-3A8E-E664-274C2F537536}.Release|x64.ActiveCfg = Release|Any CPU
		{D8211202-487A-3A8E-E664-274C2F537536}.Release|x64.Build.0 = Release|Any CPU
		{D8211202-487A-3A8E-E664-274C2F537536}.Release|x86.ActiveCfg = Release|Any CPU
		{D8211202-487A-3A8E-E664-274C2F537536}.Release|x86.Build.0 = Release|Any CPU
		{D8437284-26FD-B2C9-BF22-34D072BD1F97}.Debug|Any CPU.ActiveCfg = Debug|Any CPU
		{D8437284-26FD-B2C9-BF22-34D072BD1F97}.Debug|Any CPU.Build.0 = Debug|Any CPU
		{D8437284-26FD-B2C9-BF22-34D072BD1F97}.Debug|x64.ActiveCfg = Debug|Any CPU
		{D8437284-26FD-B2C9-BF22-34D072BD1F97}.Debug|x64.Build.0 = Debug|Any CPU
		{D8437284-26FD-B2C9-BF22-34D072BD1F97}.Debug|x86.ActiveCfg = Debug|Any CPU
		{D8437284-26FD-B2C9-BF22-34D072BD1F97}.Debug|x86.Build.0 = Debug|Any CPU
		{D8437284-26FD-B2C9-BF22-34D072BD1F97}.Release|Any CPU.ActiveCfg = Release|Any CPU
		{D8437284-26FD-B2C9-BF22-34D072BD1F97}.Release|Any CPU.Build.0 = Release|Any CPU
		{D8437284-26FD-B2C9-BF22-34D072BD1F97}.Release|x64.ActiveCfg = Release|Any CPU
		{D8437284-26FD-B2C9-BF22-34D072BD1F97}.Release|x64.Build.0 = Release|Any CPU
		{D8437284-26FD-B2C9-BF22-34D072BD1F97}.Release|x86.ActiveCfg = Release|Any CPU
		{D8437284-26FD-B2C9-BF22-34D072BD1F97}.Release|x86.Build.0 = Release|Any CPU
		{C2DD8C73-CD70-FA94-9354-274B75ED3A3E}.Debug|Any CPU.ActiveCfg = Debug|Any CPU
		{C2DD8C73-CD70-FA94-9354-274B75ED3A3E}.Debug|Any CPU.Build.0 = Debug|Any CPU
		{C2DD8C73-CD70-FA94-9354-274B75ED3A3E}.Debug|x64.ActiveCfg = Debug|Any CPU
		{C2DD8C73-CD70-FA94-9354-274B75ED3A3E}.Debug|x64.Build.0 = Debug|Any CPU
		{C2DD8C73-CD70-FA94-9354-274B75ED3A3E}.Debug|x86.ActiveCfg = Debug|Any CPU
		{C2DD8C73-CD70-FA94-9354-274B75ED3A3E}.Debug|x86.Build.0 = Debug|Any CPU
		{C2DD8C73-CD70-FA94-9354-274B75ED3A3E}.Release|Any CPU.ActiveCfg = Release|Any CPU
		{C2DD8C73-CD70-FA94-9354-274B75ED3A3E}.Release|Any CPU.Build.0 = Release|Any CPU
		{C2DD8C73-CD70-FA94-9354-274B75ED3A3E}.Release|x64.ActiveCfg = Release|Any CPU
		{C2DD8C73-CD70-FA94-9354-274B75ED3A3E}.Release|x64.Build.0 = Release|Any CPU
		{C2DD8C73-CD70-FA94-9354-274B75ED3A3E}.Release|x86.ActiveCfg = Release|Any CPU
		{C2DD8C73-CD70-FA94-9354-274B75ED3A3E}.Release|x86.Build.0 = Release|Any CPU
		{C2A2D046-CB94-2C6F-DE97-73DAFFF68ADD}.Debug|Any CPU.ActiveCfg = Debug|Any CPU
		{C2A2D046-CB94-2C6F-DE97-73DAFFF68ADD}.Debug|Any CPU.Build.0 = Debug|Any CPU
		{C2A2D046-CB94-2C6F-DE97-73DAFFF68ADD}.Debug|x64.ActiveCfg = Debug|Any CPU
		{C2A2D046-CB94-2C6F-DE97-73DAFFF68ADD}.Debug|x64.Build.0 = Debug|Any CPU
		{C2A2D046-CB94-2C6F-DE97-73DAFFF68ADD}.Debug|x86.ActiveCfg = Debug|Any CPU
		{C2A2D046-CB94-2C6F-DE97-73DAFFF68ADD}.Debug|x86.Build.0 = Debug|Any CPU
		{C2A2D046-CB94-2C6F-DE97-73DAFFF68ADD}.Release|Any CPU.ActiveCfg = Release|Any CPU
		{C2A2D046-CB94-2C6F-DE97-73DAFFF68ADD}.Release|Any CPU.Build.0 = Release|Any CPU
		{C2A2D046-CB94-2C6F-DE97-73DAFFF68ADD}.Release|x64.ActiveCfg = Release|Any CPU
		{C2A2D046-CB94-2C6F-DE97-73DAFFF68ADD}.Release|x64.Build.0 = Release|Any CPU
		{C2A2D046-CB94-2C6F-DE97-73DAFFF68ADD}.Release|x86.ActiveCfg = Release|Any CPU
		{C2A2D046-CB94-2C6F-DE97-73DAFFF68ADD}.Release|x86.Build.0 = Release|Any CPU
		{F7B0D409-7B7C-45A8-B688-35748E811686}.Debug|Any CPU.ActiveCfg = Debug|Any CPU
		{F7B0D409-7B7C-45A8-B688-35748E811686}.Debug|Any CPU.Build.0 = Debug|Any CPU
		{F7B0D409-7B7C-45A8-B688-35748E811686}.Debug|x64.ActiveCfg = Debug|Any CPU
		{F7B0D409-7B7C-45A8-B688-35748E811686}.Debug|x64.Build.0 = Debug|Any CPU
		{F7B0D409-7B7C-45A8-B688-35748E811686}.Debug|x86.ActiveCfg = Debug|Any CPU
		{F7B0D409-7B7C-45A8-B688-35748E811686}.Debug|x86.Build.0 = Debug|Any CPU
		{F7B0D409-7B7C-45A8-B688-35748E811686}.Release|Any CPU.ActiveCfg = Release|Any CPU
		{F7B0D409-7B7C-45A8-B688-35748E811686}.Release|Any CPU.Build.0 = Release|Any CPU
		{F7B0D409-7B7C-45A8-B688-35748E811686}.Release|x64.ActiveCfg = Release|Any CPU
		{F7B0D409-7B7C-45A8-B688-35748E811686}.Release|x64.Build.0 = Release|Any CPU
		{F7B0D409-7B7C-45A8-B688-35748E811686}.Release|x86.ActiveCfg = Release|Any CPU
		{F7B0D409-7B7C-45A8-B688-35748E811686}.Release|x86.Build.0 = Release|Any CPU
	EndGlobalSection
	GlobalSection(SolutionProperties) = preSolution
		HideSolutionNode = FALSE
	EndGlobalSection
	GlobalSection(ExtensibilityGlobals) = postSolution
		SolutionGuid = {E015AA47-1493-44A3-9A1E-12D9B79D0CC1}
	EndGlobalSection
EndGlobal
